
Microsoft Visual Studio Solution File, Format Version 12.00
# Visual Studio 15
VisualStudioVersion = 15.0.27703.2018
MinimumVisualStudioVersion = 10.0.40219.1
Project("{FAE04EC0-301F-11D3-BF4B-00C04F79EFBC}") = "URL Decode", "URL Decode\URL Decode.csproj", "{4E4E7E1C-9F49-4ED4-BE82-16559A65957A}"
EndProject
Project("{FAE04EC0-301F-11D3-BF4B-00C04F79EFBC}") = "Validate URL", "Validate URL\Validate URL.csproj", "{A3C58F9A-7D51-4E57-8211-00FCF08EF0D3}"
EndProject
Project("{FAE04EC0-301F-11D3-BF4B-00C04F79EFBC}") = "Request Parser", "Request Parser\Request Parser.csproj", "{4481C5EA-2860-4EAE-B579-9CD9C09113A4}"
EndProject
Global
	GlobalSection(SolutionConfigurationPlatforms) = preSolution
		Debug|Any CPU = Debug|Any CPU
		Release|Any CPU = Release|Any CPU
	EndGlobalSection
	GlobalSection(ProjectConfigurationPlatforms) = postSolution
		{4E4E7E1C-9F49-4ED4-BE82-16559A65957A}.Debug|Any CPU.ActiveCfg = Debug|Any CPU
		{4E4E7E1C-9F49-4ED4-BE82-16559A65957A}.Debug|Any CPU.Build.0 = Debug|Any CPU
		{4E4E7E1C-9F49-4ED4-BE82-16559A65957A}.Release|Any CPU.ActiveCfg = Release|Any CPU
		{4E4E7E1C-9F49-4ED4-BE82-16559A65957A}.Release|Any CPU.Build.0 = Release|Any CPU
		{A3C58F9A-7D51-4E57-8211-00FCF08EF0D3}.Debug|Any CPU.ActiveCfg = Debug|Any CPU
		{A3C58F9A-7D51-4E57-8211-00FCF08EF0D3}.Debug|Any CPU.Build.0 = Debug|Any CPU
		{A3C58F9A-7D51-4E57-8211-00FCF08EF0D3}.Release|Any CPU.ActiveCfg = Release|Any CPU
		{A3C58F9A-7D51-4E57-8211-00FCF08EF0D3}.Release|Any CPU.Build.0 = Release|Any CPU
		{4481C5EA-2860-4EAE-B579-9CD9C09113A4}.Debug|Any CPU.ActiveCfg = Debug|Any CPU
		{4481C5EA-2860-4EAE-B579-9CD9C09113A4}.Debug|Any CPU.Build.0 = Debug|Any CPU
		{4481C5EA-2860-4EAE-B579-9CD9C09113A4}.Release|Any CPU.ActiveCfg = Release|Any CPU
		{4481C5EA-2860-4EAE-B579-9CD9C09113A4}.Release|Any CPU.Build.0 = Release|Any CPU
	EndGlobalSection
	GlobalSection(SolutionProperties) = preSolution
		HideSolutionNode = FALSE
	EndGlobalSection
	GlobalSection(ExtensibilityGlobals) = postSolution
		SolutionGuid = {F7E436A1-35A9-412B-A316-8C825BD615DD}
	EndGlobalSection
EndGlobal
