
Microsoft Visual Studio Solution File, Format Version 12.00
# Visual Studio 15
VisualStudioVersion = 15.0.26730.16
MinimumVisualStudioVersion = 10.0.40219.1
Project("{9A19103F-16F7-4668-BE54-9A1E7A4F7556}") = "WebServer", "WebServer\WebServer.csproj", "{72911109-BEDB-43A3-9747-05BE33389BD1}"
EndProject
Project("{9A19103F-16F7-4668-BE54-9A1E7A4F7556}") = "SimpleMvc.Framework", "SimpleMvc.Framework\SimpleMvc.Framework.csproj", "{A6568A68-AD6B-4E98-8C1E-EBFDDADE99FF}"
EndProject
Project("{9A19103F-16F7-4668-BE54-9A1E7A4F7556}") = "SimpleMvc.Common", "SimpleMvc.Common\SimpleMvc.Common.csproj", "{97E8CA85-D94A-4F7A-BE26-9E7D421D0899}"
EndProject
Project("{9A19103F-16F7-4668-BE54-9A1E7A4F7556}") = "MeTube.Data", "MeTube.Data\MeTube.Data.csproj", "{328AB4F7-A09F-4250-8F10-FD3A9DC7797C}"
EndProject
Project("{9A19103F-16F7-4668-BE54-9A1E7A4F7556}") = "MeTube.Models", "MeTube.Models\MeTube.Models.csproj", "{FF137AE6-E257-4F99-970B-60783CA36BEF}"
EndProject
Project("{9A19103F-16F7-4668-BE54-9A1E7A4F7556}") = "MeTube.App", "MeTube.App\MeTube.App.csproj", "{85C2A0D8-A46F-4CE9-B01F-A299FE17CFF2}"
EndProject
Global
	GlobalSection(SolutionConfigurationPlatforms) = preSolution
		Debug|Any CPU = Debug|Any CPU
		Release|Any CPU = Release|Any CPU
	EndGlobalSection
	GlobalSection(ProjectConfigurationPlatforms) = postSolution
		{72911109-BEDB-43A3-9747-05BE33389BD1}.Debug|Any CPU.ActiveCfg = Debug|Any CPU
		{72911109-BEDB-43A3-9747-05BE33389BD1}.Debug|Any CPU.Build.0 = Debug|Any CPU
		{72911109-BEDB-43A3-9747-05BE33389BD1}.Release|Any CPU.ActiveCfg = Release|Any CPU
		{72911109-BEDB-43A3-9747-05BE33389BD1}.Release|Any CPU.Build.0 = Release|Any CPU
		{A6568A68-AD6B-4E98-8C1E-EBFDDADE99FF}.Debug|Any CPU.ActiveCfg = Debug|Any CPU
		{A6568A68-AD6B-4E98-8C1E-EBFDDADE99FF}.Debug|Any CPU.Build.0 = Debug|Any CPU
		{A6568A68-AD6B-4E98-8C1E-EBFDDADE99FF}.Release|Any CPU.ActiveCfg = Release|Any CPU
		{A6568A68-AD6B-4E98-8C1E-EBFDDADE99FF}.Release|Any CPU.Build.0 = Release|Any CPU
		{97E8CA85-D94A-4F7A-BE26-9E7D421D0899}.Debug|Any CPU.ActiveCfg = Debug|Any CPU
		{97E8CA85-D94A-4F7A-BE26-9E7D421D0899}.Debug|Any CPU.Build.0 = Debug|Any CPU
		{97E8CA85-D94A-4F7A-BE26-9E7D421D0899}.Release|Any CPU.ActiveCfg = Release|Any CPU
		{97E8CA85-D94A-4F7A-BE26-9E7D421D0899}.Release|Any CPU.Build.0 = Release|Any CPU
		{328AB4F7-A09F-4250-8F10-FD3A9DC7797C}.Debug|Any CPU.ActiveCfg = Debug|Any CPU
		{328AB4F7-A09F-4250-8F10-FD3A9DC7797C}.Debug|Any CPU.Build.0 = Debug|Any CPU
		{328AB4F7-A09F-4250-8F10-FD3A9DC7797C}.Release|Any CPU.ActiveCfg = Release|Any CPU
		{328AB4F7-A09F-4250-8F10-FD3A9DC7797C}.Release|Any CPU.Build.0 = Release|Any CPU
		{FF137AE6-E257-4F99-970B-60783CA36BEF}.Debug|Any CPU.ActiveCfg = Debug|Any CPU
		{FF137AE6-E257-4F99-970B-60783CA36BEF}.Debug|Any CPU.Build.0 = Debug|Any CPU
		{FF137AE6-E257-4F99-970B-60783CA36BEF}.Release|Any CPU.ActiveCfg = Release|Any CPU
		{FF137AE6-E257-4F99-970B-60783CA36BEF}.Release|Any CPU.Build.0 = Release|Any CPU
		{85C2A0D8-A46F-4CE9-B01F-A299FE17CFF2}.Debug|Any CPU.ActiveCfg = Debug|Any CPU
		{85C2A0D8-A46F-4CE9-B01F-A299FE17CFF2}.Debug|Any CPU.Build.0 = Debug|Any CPU
		{85C2A0D8-A46F-4CE9-B01F-A299FE17CFF2}.Release|Any CPU.ActiveCfg = Release|Any CPU
		{85C2A0D8-A46F-4CE9-B01F-A299FE17CFF2}.Release|Any CPU.Build.0 = Release|Any CPU
	EndGlobalSection
	GlobalSection(SolutionProperties) = preSolution
		HideSolutionNode = FALSE
	EndGlobalSection
	GlobalSection(ExtensibilityGlobals) = postSolution
		SolutionGuid = {3ABA898C-743A-4BCB-94FE-871C34896B4B}
	EndGlobalSection
EndGlobal
